<?xml version="1.0" encoding="utf-8"?>
<Project ToolsVersion="4.0" xmlns="http://schemas.microsoft.com/developer/msbuild/2003">
  <ItemGroup>
    <Filter Include="Platform">
      <UniqueIdentifier>{2AC788B4-1694-E3BF-3FAD-D1672BD9184E}</UniqueIdentifier>
    </Filter>
    <Filter Include="Platform\Windows">
      <UniqueIdentifier>{64FBD71A-50F4-F66C-7926-DCF1657ED678}</UniqueIdentifier>
    </Filter>
    <Filter Include="SunEngine">
      <UniqueIdentifier>{D156066D-3DC1-BAE3-86FF-6B89F2A89838}</UniqueIdentifier>
    </Filter>
    <Filter Include="SunEngine\Events">
      <UniqueIdentifier>{950DFE94-8106-1DE7-AA38-026C9690FCF2}</UniqueIdentifier>
    </Filter>
  </ItemGroup>
  <ItemGroup>
    <ClInclude Include="src\Platform\Windows\WinWindow.h">
      <Filter>Platform\Windows</Filter>
    </ClInclude>
    <ClInclude Include="src\SunEngine.h" />
    <ClInclude Include="src\SunEngine\Application.h">
      <Filter>SunEngine</Filter>
    </ClInclude>
    <ClInclude Include="src\SunEngine\Core.h">
      <Filter>SunEngine</Filter>
    </ClInclude>
    <ClInclude Include="src\SunEngine\EntryPoint.h">
      <Filter>SunEngine</Filter>
    </ClInclude>
    <ClInclude Include="src\SunEngine\Events\ApplicationEvent.h">
      <Filter>SunEngine\Events</Filter>
    </ClInclude>
    <ClInclude Include="src\SunEngine\Events\Event.h">
      <Filter>SunEngine\Events</Filter>
    </ClInclude>
    <ClInclude Include="src\SunEngine\Events\KeyEvent.h">
      <Filter>SunEngine\Events</Filter>
    </ClInclude>
    <ClInclude Include="src\SunEngine\Events\MouseEvent.h">
      <Filter>SunEngine\Events</Filter>
    </ClInclude>
    <ClInclude Include="src\SunEngine\Layer.h">
      <Filter>SunEngine</Filter>
    </ClInclude>
    <ClInclude Include="src\SunEngine\LayerStack.h">
      <Filter>SunEngine</Filter>
    </ClInclude>
    <ClInclude Include="src\SunEngine\Log.h">
      <Filter>SunEngine</Filter>
    </ClInclude>
    <ClInclude Include="src\SunEngine\Window.h">
      <Filter>SunEngine</Filter>
    </ClInclude>
    <ClInclude Include="src\sunpch.h" />
    <ClInclude Include="src\SunEngine\ImGui\ImGuiLayer.h" />
    <ClInclude Include="src\Platform\OpenGL\imgui_impl_opengl3.h" />
    <ClInclude Include="src\SunEngine\Input.h" />
    <ClInclude Include="src\Platform\Windows\WinInput.h" />
    <ClInclude Include="src\SunEngine\KeyCodes.h" />
    <ClInclude Include="src\SunEngine\MouseButtonCodes.h" />
  </ItemGroup>
  <ItemGroup>
    <ClCompile Include="src\Platform\Windows\WinWindow.cpp">
      <Filter>Platform\Windows</Filter>
    </ClCompile>
    <ClCompile Include="src\SunEngine\Application.cpp">
      <Filter>SunEngine</Filter>
    </ClCompile>
    <ClCompile Include="src\SunEngine\Layer.cpp">
      <Filter>SunEngine</Filter>
    </ClCompile>
    <ClCompile Include="src\SunEngine\LayerStack.cpp">
      <Filter>SunEngine</Filter>
    </ClCompile>
    <ClCompile Include="src\SunEngine\Log.cpp">
      <Filter>SunEngine</Filter>
    </ClCompile>
    <ClCompile Include="src\sunpch.cpp" />
    <ClCompile Include="src\SunEngine\ImGui\ImGuiLayer.cpp" />
    <ClCompile Include="src\Platform\OpenGL\imgui_impl_opengl3.cpp" />
    <ClCompile Include="src\Platform\Windows\WinInput.cpp" />
  </ItemGroup>
</Project>