<?xml version="1.0" encoding="utf-8"?>
<Project ToolsVersion="4.0" xmlns="http://schemas.microsoft.com/developer/msbuild/2003">
  <ItemGroup>
    <Filter Include="SunEngine">
      <UniqueIdentifier>{D156066D-3DC1-BAE3-86FF-6B89F2A89838}</UniqueIdentifier>
    </Filter>
    <Filter Include="SunEngine\Event">
      <UniqueIdentifier>{E2F0FFF4-4E7C-6DB9-578D-F0ADC397C9B9}</UniqueIdentifier>
    </Filter>
  </ItemGroup>
  <ItemGroup>
    <ClInclude Include="src\SunEngine.h" />
    <ClInclude Include="src\SunEngine\Application.h">
      <Filter>SunEngine</Filter>
    </ClInclude>
    <ClInclude Include="src\SunEngine\Core.h">
      <Filter>SunEngine</Filter>
    </ClInclude>
    <ClInclude Include="src\SunEngine\EntryPoint.h">
      <Filter>SunEngine</Filter>
    </ClInclude>
    <ClInclude Include="src\SunEngine\Event\ApplicationEvent.h">
      <Filter>SunEngine\Event</Filter>
    </ClInclude>
    <ClInclude Include="src\SunEngine\Event\Event.h">
      <Filter>SunEngine\Event</Filter>
    </ClInclude>
    <ClInclude Include="src\SunEngine\Event\KeyEvent.h">
      <Filter>SunEngine\Event</Filter>
    </ClInclude>
    <ClInclude Include="src\SunEngine\Event\MouseEvent.h">
      <Filter>SunEngine\Event</Filter>
    </ClInclude>
    <ClInclude Include="src\SunEngine\Log.h">
      <Filter>SunEngine</Filter>
    </ClInclude>
    <ClInclude Include="src\sunpch.h" />
  </ItemGroup>
  <ItemGroup>
    <ClCompile Include="src\SunEngine\Application.cpp">
      <Filter>SunEngine</Filter>
    </ClCompile>
    <ClCompile Include="src\SunEngine\Log.cpp">
      <Filter>SunEngine</Filter>
    </ClCompile>
    <ClCompile Include="src\sunpch.cpp" />
  </ItemGroup>
</Project>